# This file is automatically @generated by Poetry 1.5.1 and should not be changed by hand.

[[package]]
name = "aniso8601"
version = "9.0.1"
description = "A library for parsing ISO 8601 strings."
optional = false
python-versions = "*"
files = [
    {file = "aniso8601-9.0.1-py2.py3-none-any.whl", hash = "sha256:1d2b7ef82963909e93c4f24ce48d4de9e66009a21bf1c1e1c85bdd0812fe412f"},
    {file = "aniso8601-9.0.1.tar.gz", hash = "sha256:72e3117667eedf66951bb2d93f4296a56b94b078a8a95905a052611fb3f1b973"},
]

[package.extras]
dev = ["black", "coverage", "isort", "pre-commit", "pyenchant", "pylint"]

[[package]]
name = "asgiref"
version = "3.6.0"
description = "ASGI specs, helper code, and adapters"
optional = false
python-versions = ">=3.7"
files = [
    {file = "asgiref-3.6.0-py3-none-any.whl", hash = "sha256:71e68008da809b957b7ee4b43dbccff33d1b23519fb8344e33f049897077afac"},
    {file = "asgiref-3.6.0.tar.gz", hash = "sha256:9567dfe7bd8d3c8c892227827c41cce860b368104c3431da67a0c5a65a949506"},
]

[package.dependencies]
typing-extensions = {version = "*", markers = "python_version < \"3.8\""}

[package.extras]
tests = ["mypy (>=0.800)", "pytest", "pytest-asyncio"]

[[package]]
name = "colorama"
version = "0.4.6"
description = "Cross-platform colored terminal text."
optional = false
python-versions = "!=3.0.*,!=3.1.*,!=3.2.*,!=3.3.*,!=3.4.*,!=3.5.*,!=3.6.*,>=2.7"
files = [
    {file = "colorama-0.4.6-py2.py3-none-any.whl", hash = "sha256:4f1d9991f5acc0ca119f9d443620b77f9d6b33703e51011c16baf57afb285fc6"},
    {file = "colorama-0.4.6.tar.gz", hash = "sha256:08695f5cb7ed6e0531a20572697297273c47b8cae5a63ffc6d6ed5c201be6e44"},
]

[[package]]
name = "coverage"
version = "7.2.3"
description = "Code coverage measurement for Python"
optional = false
python-versions = ">=3.7"
files = [
    {file = "coverage-7.2.3-cp310-cp310-macosx_10_9_x86_64.whl", hash = "sha256:e58c0d41d336569d63d1b113bd573db8363bc4146f39444125b7f8060e4e04f5"},
    {file = "coverage-7.2.3-cp310-cp310-macosx_11_0_arm64.whl", hash = "sha256:344e714bd0fe921fc72d97404ebbdbf9127bac0ca1ff66d7b79efc143cf7c0c4"},
    {file = "coverage-7.2.3-cp310-cp310-manylinux_2_17_aarch64.manylinux2014_aarch64.whl", hash = "sha256:974bc90d6f6c1e59ceb1516ab00cf1cdfbb2e555795d49fa9571d611f449bcb2"},
    {file = "coverage-7.2.3-cp310-cp310-manylinux_2_5_i686.manylinux1_i686.manylinux_2_17_i686.manylinux2014_i686.whl", hash = "sha256:0743b0035d4b0e32bc1df5de70fba3059662ace5b9a2a86a9f894cfe66569013"},
    {file = "coverage-7.2.3-cp310-cp310-manylinux_2_5_x86_64.manylinux1_x86_64.manylinux_2_17_x86_64.manylinux2014_x86_64.whl", hash = "sha256:5d0391fb4cfc171ce40437f67eb050a340fdbd0f9f49d6353a387f1b7f9dd4fa"},
    {file = "coverage-7.2.3-cp310-cp310-musllinux_1_1_aarch64.whl", hash = "sha256:4a42e1eff0ca9a7cb7dc9ecda41dfc7cbc17cb1d02117214be0561bd1134772b"},
    {file = "coverage-7.2.3-cp310-cp310-musllinux_1_1_i686.whl", hash = "sha256:be19931a8dcbe6ab464f3339966856996b12a00f9fe53f346ab3be872d03e257"},
    {file = "coverage-7.2.3-cp310-cp310-musllinux_1_1_x86_64.whl", hash = "sha256:72fcae5bcac3333a4cf3b8f34eec99cea1187acd55af723bcbd559adfdcb5535"},
    {file = "coverage-7.2.3-cp310-cp310-win32.whl", hash = "sha256:aeae2aa38395b18106e552833f2a50c27ea0000122bde421c31d11ed7e6f9c91"},
    {file = "coverage-7.2.3-cp310-cp310-win_amd64.whl", hash = "sha256:83957d349838a636e768251c7e9979e899a569794b44c3728eaebd11d848e58e"},
    {file = "coverage-7.2.3-cp311-cp311-macosx_10_9_x86_64.whl", hash = "sha256:dfd393094cd82ceb9b40df4c77976015a314b267d498268a076e940fe7be6b79"},
    {file = "coverage-7.2.3-cp311-cp311-macosx_11_0_arm64.whl", hash = "sha256:182eb9ac3f2b4874a1f41b78b87db20b66da6b9cdc32737fbbf4fea0c35b23fc"},
    {file = "coverage-7.2.3-cp311-cp311-manylinux_2_17_aarch64.manylinux2014_aarch64.whl", hash = "sha256:1bb1e77a9a311346294621be905ea8a2c30d3ad371fc15bb72e98bfcfae532df"},
    {file = "coverage-7.2.3-cp311-cp311-manylinux_2_5_i686.manylinux1_i686.manylinux_2_17_i686.manylinux2014_i686.whl", hash = "sha256:ca0f34363e2634deffd390a0fef1aa99168ae9ed2af01af4a1f5865e362f8623"},
    {file = "coverage-7.2.3-cp311-cp311-manylinux_2_5_x86_64.manylinux1_x86_64.manylinux_2_17_x86_64.manylinux2014_x86_64.whl", hash = "sha256:55416d7385774285b6e2a5feca0af9652f7f444a4fa3d29d8ab052fafef9d00d"},
    {file = "coverage-7.2.3-cp311-cp311-musllinux_1_1_aarch64.whl", hash = "sha256:06ddd9c0249a0546997fdda5a30fbcb40f23926df0a874a60a8a185bc3a87d93"},
    {file = "coverage-7.2.3-cp311-cp311-musllinux_1_1_i686.whl", hash = "sha256:fff5aaa6becf2c6a1699ae6a39e2e6fb0672c2d42eca8eb0cafa91cf2e9bd312"},
    {file = "coverage-7.2.3-cp311-cp311-musllinux_1_1_x86_64.whl", hash = "sha256:ea53151d87c52e98133eb8ac78f1206498c015849662ca8dc246255265d9c3c4"},
    {file = "coverage-7.2.3-cp311-cp311-win32.whl", hash = "sha256:8f6c930fd70d91ddee53194e93029e3ef2aabe26725aa3c2753df057e296b925"},
    {file = "coverage-7.2.3-cp311-cp311-win_amd64.whl", hash = "sha256:fa546d66639d69aa967bf08156eb8c9d0cd6f6de84be9e8c9819f52ad499c910"},
    {file = "coverage-7.2.3-cp37-cp37m-macosx_10_9_x86_64.whl", hash = "sha256:b2317d5ed777bf5a033e83d4f1389fd4ef045763141d8f10eb09a7035cee774c"},
    {file = "coverage-7.2.3-cp37-cp37m-manylinux_2_17_aarch64.manylinux2014_aarch64.whl", hash = "sha256:be9824c1c874b73b96288c6d3de793bf7f3a597770205068c6163ea1f326e8b9"},
    {file = "coverage-7.2.3-cp37-cp37m-manylinux_2_5_i686.manylinux1_i686.manylinux_2_17_i686.manylinux2014_i686.whl", hash = "sha256:2c3b2803e730dc2797a017335827e9da6da0e84c745ce0f552e66400abdfb9a1"},
    {file = "coverage-7.2.3-cp37-cp37m-manylinux_2_5_x86_64.manylinux1_x86_64.manylinux_2_17_x86_64.manylinux2014_x86_64.whl", hash = "sha256:8f69770f5ca1994cb32c38965e95f57504d3aea96b6c024624fdd5bb1aa494a1"},
    {file = "coverage-7.2.3-cp37-cp37m-musllinux_1_1_aarch64.whl", hash = "sha256:1127b16220f7bfb3f1049ed4a62d26d81970a723544e8252db0efde853268e21"},
    {file = "coverage-7.2.3-cp37-cp37m-musllinux_1_1_i686.whl", hash = "sha256:aa784405f0c640940595fa0f14064d8e84aff0b0f762fa18393e2760a2cf5841"},
    {file = "coverage-7.2.3-cp37-cp37m-musllinux_1_1_x86_64.whl", hash = "sha256:3146b8e16fa60427e03884301bf8209221f5761ac754ee6b267642a2fd354c48"},
    {file = "coverage-7.2.3-cp37-cp37m-win32.whl", hash = "sha256:1fd78b911aea9cec3b7e1e2622c8018d51c0d2bbcf8faaf53c2497eb114911c1"},
    {file = "coverage-7.2.3-cp37-cp37m-win_amd64.whl", hash = "sha256:0f3736a5d34e091b0a611964c6262fd68ca4363df56185902528f0b75dbb9c1f"},
    {file = "coverage-7.2.3-cp38-cp38-macosx_10_9_x86_64.whl", hash = "sha256:981b4df72c93e3bc04478153df516d385317628bd9c10be699c93c26ddcca8ab"},
    {file = "coverage-7.2.3-cp38-cp38-macosx_11_0_arm64.whl", hash = "sha256:c0045f8f23a5fb30b2eb3b8a83664d8dc4fb58faddf8155d7109166adb9f2040"},
    {file = "coverage-7.2.3-cp38-cp38-manylinux_2_17_aarch64.manylinux2014_aarch64.whl", hash = "sha256:f760073fcf8f3d6933178d67754f4f2d4e924e321f4bb0dcef0424ca0215eba1"},
    {file = "coverage-7.2.3-cp38-cp38-manylinux_2_5_i686.manylinux1_i686.manylinux_2_17_i686.manylinux2014_i686.whl", hash = "sha256:c86bd45d1659b1ae3d0ba1909326b03598affbc9ed71520e0ff8c31a993ad911"},
    {file = "coverage-7.2.3-cp38-cp38-manylinux_2_5_x86_64.manylinux1_x86_64.manylinux_2_17_x86_64.manylinux2014_x86_64.whl", hash = "sha256:172db976ae6327ed4728e2507daf8a4de73c7cc89796483e0a9198fd2e47b462"},
    {file = "coverage-7.2.3-cp38-cp38-musllinux_1_1_aarch64.whl", hash = "sha256:d2a3a6146fe9319926e1d477842ca2a63fe99af5ae690b1f5c11e6af074a6b5c"},
    {file = "coverage-7.2.3-cp38-cp38-musllinux_1_1_i686.whl", hash = "sha256:f649dd53833b495c3ebd04d6eec58479454a1784987af8afb77540d6c1767abd"},
    {file = "coverage-7.2.3-cp38-cp38-musllinux_1_1_x86_64.whl", hash = "sha256:7c4ed4e9f3b123aa403ab424430b426a1992e6f4c8fd3cb56ea520446e04d152"},
    {file = "coverage-7.2.3-cp38-cp38-win32.whl", hash = "sha256:eb0edc3ce9760d2f21637766c3aa04822030e7451981ce569a1b3456b7053f22"},
    {file = "coverage-7.2.3-cp38-cp38-win_amd64.whl", hash = "sha256:63cdeaac4ae85a179a8d6bc09b77b564c096250d759eed343a89d91bce8b6367"},
    {file = "coverage-7.2.3-cp39-cp39-macosx_10_9_x86_64.whl", hash = "sha256:20d1a2a76bb4eb00e4d36b9699f9b7aba93271c9c29220ad4c6a9581a0320235"},
    {file = "coverage-7.2.3-cp39-cp39-macosx_11_0_arm64.whl", hash = "sha256:4ea748802cc0de4de92ef8244dd84ffd793bd2e7be784cd8394d557a3c751e21"},
    {file = "coverage-7.2.3-cp39-cp39-manylinux_2_17_aarch64.manylinux2014_aarch64.whl", hash = "sha256:21b154aba06df42e4b96fc915512ab39595105f6c483991287021ed95776d934"},
    {file = "coverage-7.2.3-cp39-cp39-manylinux_2_5_i686.manylinux1_i686.manylinux_2_17_i686.manylinux2014_i686.whl", hash = "sha256:fd214917cabdd6f673a29d708574e9fbdb892cb77eb426d0eae3490d95ca7859"},
    {file = "coverage-7.2.3-cp39-cp39-manylinux_2_5_x86_64.manylinux1_x86_64.manylinux_2_17_x86_64.manylinux2014_x86_64.whl", hash = "sha256:2c2e58e45fe53fab81f85474e5d4d226eeab0f27b45aa062856c89389da2f0d9"},
    {file = "coverage-7.2.3-cp39-cp39-musllinux_1_1_aarch64.whl", hash = "sha256:87ecc7c9a1a9f912e306997ffee020297ccb5ea388421fe62a2a02747e4d5539"},
    {file = "coverage-7.2.3-cp39-cp39-musllinux_1_1_i686.whl", hash = "sha256:387065e420aed3c71b61af7e82c7b6bc1c592f7e3c7a66e9f78dd178699da4fe"},
    {file = "coverage-7.2.3-cp39-cp39-musllinux_1_1_x86_64.whl", hash = "sha256:ea3f5bc91d7d457da7d48c7a732beaf79d0c8131df3ab278e6bba6297e23c6c4"},
    {file = "coverage-7.2.3-cp39-cp39-win32.whl", hash = "sha256:ae7863a1d8db6a014b6f2ff9c1582ab1aad55a6d25bac19710a8df68921b6e30"},
    {file = "coverage-7.2.3-cp39-cp39-win_amd64.whl", hash = "sha256:3f04becd4fcda03c0160d0da9c8f0c246bc78f2f7af0feea1ec0930e7c93fa4a"},
    {file = "coverage-7.2.3-pp37.pp38.pp39-none-any.whl", hash = "sha256:965ee3e782c7892befc25575fa171b521d33798132692df428a09efacaffe8d0"},
    {file = "coverage-7.2.3.tar.gz", hash = "sha256:d298c2815fa4891edd9abe5ad6e6cb4207104c7dd9fd13aea3fdebf6f9b91259"},
]

[package.dependencies]
tomli = {version = "*", optional = true, markers = "python_full_version <= \"3.11.0a6\" and extra == \"toml\""}

[package.extras]
toml = ["tomli"]

[[package]]
name = "dnspython"
version = "2.3.0"
description = "DNS toolkit"
optional = false
python-versions = ">=3.7,<4.0"
files = [
    {file = "dnspython-2.3.0-py3-none-any.whl", hash = "sha256:89141536394f909066cabd112e3e1a37e4e654db00a25308b0f130bc3152eb46"},
    {file = "dnspython-2.3.0.tar.gz", hash = "sha256:224e32b03eb46be70e12ef6d64e0be123a64e621ab4c0822ff6d450d52a540b9"},
]

[package.extras]
curio = ["curio (>=1.2,<2.0)", "sniffio (>=1.1,<2.0)"]
dnssec = ["cryptography (>=2.6,<40.0)"]
doh = ["h2 (>=4.1.0)", "httpx (>=0.21.1)", "requests (>=2.23.0,<3.0.0)", "requests-toolbelt (>=0.9.1,<0.11.0)"]
doq = ["aioquic (>=0.9.20)"]
idna = ["idna (>=2.1,<4.0)"]
trio = ["trio (>=0.14,<0.23)"]
wmi = ["wmi (>=1.5.1,<2.0.0)"]

[[package]]
name = "exceptiongroup"
version = "1.1.1"
description = "Backport of PEP 654 (exception groups)"
optional = false
python-versions = ">=3.7"
files = [
    {file = "exceptiongroup-1.1.1-py3-none-any.whl", hash = "sha256:232c37c63e4f682982c8b6459f33a8981039e5fb8756b2074364e5055c498c9e"},
    {file = "exceptiongroup-1.1.1.tar.gz", hash = "sha256:d484c3090ba2889ae2928419117447a14daf3c1231d5e30d0aae34f354f01785"},
]

[package.extras]
test = ["pytest (>=6)"]

[[package]]
name = "graphene"
version = "3.2.2"
description = "GraphQL Framework for Python"
optional = false
python-versions = "*"
files = [
    {file = "graphene-3.2.2-py2.py3-none-any.whl", hash = "sha256:753de13948cbf42e32cc87fb533167c88907066eb984251fdbb006c0aab8da00"},
    {file = "graphene-3.2.2.tar.gz", hash = "sha256:5b03e72770dc901f40be55784058d6bb1d952a49eb819a4a085962d5e1cf5fcf"},
]

[package.dependencies]
aniso8601 = ">=8,<10"
graphql-core = ">=3.1,<3.3"
graphql-relay = ">=3.1,<3.3"

[package.extras]
dev = ["black (==22.3.0)", "coveralls (>=3.3,<4)", "flake8 (>=4,<5)", "iso8601 (>=1,<2)", "mock (>=4,<5)", "pytest (>=6,<7)", "pytest-asyncio (>=0.16,<2)", "pytest-benchmark (>=3.4,<4)", "pytest-cov (>=3,<4)", "pytest-mock (>=3,<4)", "pytz (==2022.1)", "snapshottest (>=0.6,<1)"]
test = ["coveralls (>=3.3,<4)", "iso8601 (>=1,<2)", "mock (>=4,<5)", "pytest (>=6,<7)", "pytest-asyncio (>=0.16,<2)", "pytest-benchmark (>=3.4,<4)", "pytest-cov (>=3,<4)", "pytest-mock (>=3,<4)", "pytz (==2022.1)", "snapshottest (>=0.6,<1)"]

[[package]]
name = "graphql-core"
version = "3.2.3"
description = "GraphQL implementation for Python, a port of GraphQL.js, the JavaScript reference implementation for GraphQL."
optional = false
python-versions = ">=3.6,<4"
files = [
    {file = "graphql-core-3.2.3.tar.gz", hash = "sha256:06d2aad0ac723e35b1cb47885d3e5c45e956a53bc1b209a9fc5369007fe46676"},
    {file = "graphql_core-3.2.3-py3-none-any.whl", hash = "sha256:5766780452bd5ec8ba133f8bf287dc92713e3868ddd83aee4faab9fc3e303dc3"},
]

[package.dependencies]
typing-extensions = {version = ">=4.2,<5", markers = "python_version < \"3.8\""}

[[package]]
name = "graphql-relay"
version = "3.2.0"
description = "Relay library for graphql-core"
optional = false
python-versions = ">=3.6,<4"
files = [
    {file = "graphql-relay-3.2.0.tar.gz", hash = "sha256:1ff1c51298356e481a0be009ccdff249832ce53f30559c1338f22a0e0d17250c"},
    {file = "graphql_relay-3.2.0-py3-none-any.whl", hash = "sha256:c9b22bd28b170ba1fe674c74384a8ff30a76c8e26f88ac3aa1584dd3179953e5"},
]

[package.dependencies]
graphql-core = ">=3.2,<3.3"
typing-extensions = {version = ">=4.1,<5", markers = "python_version < \"3.8\""}

[[package]]
name = "importlib-metadata"
version = "4.2.0"
description = "Read metadata from Python packages"
optional = false
python-versions = ">=3.6"
files = [
    {file = "importlib_metadata-4.2.0-py3-none-any.whl", hash = "sha256:057e92c15bc8d9e8109738a48db0ccb31b4d9d5cfbee5a8670879a30be66304b"},
    {file = "importlib_metadata-4.2.0.tar.gz", hash = "sha256:b7e52a1f8dec14a75ea73e0891f3060099ca1d8e6a462a4dff11c3e119ea1b31"},
]

[package.dependencies]
typing-extensions = {version = ">=3.6.4", markers = "python_version < \"3.8\""}
zipp = ">=0.5"

[package.extras]
docs = ["jaraco.packaging (>=8.2)", "rst.linker (>=1.9)", "sphinx"]
testing = ["flufl.flake8", "importlib-resources (>=1.3)", "packaging", "pep517", "pyfakefs", "pytest (>=4.6)", "pytest-black (>=0.3.7)", "pytest-checkdocs (>=2.4)", "pytest-cov", "pytest-enabler (>=1.0.1)", "pytest-flake8", "pytest-mypy"]

[[package]]
name = "iniconfig"
version = "2.0.0"
description = "brain-dead simple config-ini parsing"
optional = false
python-versions = ">=3.7"
files = [
    {file = "iniconfig-2.0.0-py3-none-any.whl", hash = "sha256:b6a85871a79d2e3b22d2d1b94ac2824226a63c6b741c88f7ae975f18b6778374"},
    {file = "iniconfig-2.0.0.tar.gz", hash = "sha256:2d91e135bf72d31a410b17c16da610a82cb55f6b0477d1a902134b24a455b8b3"},
]

[[package]]
name = "iso8601"
version = "1.1.0"
description = "Simple module to parse ISO 8601 dates"
optional = false
python-versions = ">=3.6.2,<4.0"
files = [
    {file = "iso8601-1.1.0-py3-none-any.whl", hash = "sha256:8400e90141bf792bce2634df533dc57e3bee19ea120a87bebcd3da89a58ad73f"},
    {file = "iso8601-1.1.0.tar.gz", hash = "sha256:32811e7b81deee2063ea6d2e94f8819a86d1f3811e49d23623a41fa832bef03f"},
]

[[package]]
name = "mock"
version = "5.0.1"
description = "Rolling backport of unittest.mock for all Pythons"
optional = false
python-versions = ">=3.6"
files = [
    {file = "mock-5.0.1-py3-none-any.whl", hash = "sha256:c41cfb1e99ba5d341fbcc5308836e7d7c9786d302f995b2c271ce2144dece9eb"},
    {file = "mock-5.0.1.tar.gz", hash = "sha256:e3ea505c03babf7977fd21674a69ad328053d414f05e6433c30d8fa14a534a6b"},
]

[package.extras]
build = ["blurb", "twine", "wheel"]
docs = ["sphinx"]
test = ["pytest", "pytest-cov"]

[[package]]
name = "mongoengine"
version = "0.27.0"
description = "MongoEngine is a Python Object-Document Mapper for working with MongoDB."
optional = false
python-versions = ">=3.7"
files = [
    {file = "mongoengine-0.27.0-py3-none-any.whl", hash = "sha256:c3523b8f886052f3deb200b3218bcc13e4b781661e3bea38587cc936c80ea358"},
    {file = "mongoengine-0.27.0.tar.gz", hash = "sha256:8f38df7834dc4b192d89f2668dcf3091748d12f74d55648ce77b919167a4a49b"},
]

[package.dependencies]
pymongo = ">=3.4,<5.0"

[[package]]
name = "mongomock"
version = "4.1.2"
description = "Fake pymongo stub for testing simple MongoDB-dependent code"
optional = false
python-versions = "*"
files = [
    {file = "mongomock-4.1.2-py2.py3-none-any.whl", hash = "sha256:08a24938a05c80c69b6b8b19a09888d38d8c6e7328547f94d46cadb7f47209f2"},
    {file = "mongomock-4.1.2.tar.gz", hash = "sha256:f06cd62afb8ae3ef63ba31349abd220a657ef0dd4f0243a29587c5213f931b7d"},
]

[package.dependencies]
packaging = "*"
sentinels = "*"

[[package]]
name = "packaging"
version = "23.0"
description = "Core utilities for Python packages"
optional = false
python-versions = ">=3.7"
files = [
    {file = "packaging-23.0-py3-none-any.whl", hash = "sha256:714ac14496c3e68c99c29b00845f7a2b85f3bb6f1078fd9f72fd20f0570002b2"},
    {file = "packaging-23.0.tar.gz", hash = "sha256:b6ad297f8907de0fa2fe1ccbd26fdaf387f5f47c7275fedf8cce89f99446cf97"},
]

[[package]]
name = "pluggy"
version = "1.0.0"
description = "plugin and hook calling mechanisms for python"
optional = false
python-versions = ">=3.6"
files = [
    {file = "pluggy-1.0.0-py2.py3-none-any.whl", hash = "sha256:74134bbf457f031a36d68416e1509f34bd5ccc019f0bcc952c7b909d06b37bd3"},
    {file = "pluggy-1.0.0.tar.gz", hash = "sha256:4224373bacce55f955a878bf9cfa763c1e360858e330072059e10bad68531159"},
]

[package.dependencies]
importlib-metadata = {version = ">=0.12", markers = "python_version < \"3.8\""}

[package.extras]
dev = ["pre-commit", "tox"]
testing = ["pytest", "pytest-benchmark"]

[[package]]
name = "promise"
version = "2.3"
description = "Promises/A+ implementation for Python"
optional = false
python-versions = "*"
files = [
    {file = "promise-2.3.tar.gz", hash = "sha256:dfd18337c523ba4b6a58801c164c1904a9d4d1b1747c7d5dbf45b693a49d93d0"},
]

[package.dependencies]
six = "*"

[package.extras]
test = ["coveralls", "futures", "mock", "pytest (>=2.7.3)", "pytest-benchmark", "pytest-cov"]

[[package]]
name = "pymongo"
version = "4.3.3"
description = "Python driver for MongoDB <http://www.mongodb.org>"
optional = false
python-versions = ">=3.7"
files = [
    {file = "pymongo-4.3.3-cp310-cp310-macosx_10_9_universal2.whl", hash = "sha256:74731c9e423c93cbe791f60c27030b6af6a948cef67deca079da6cd1bb583a8e"},
    {file = "pymongo-4.3.3-cp310-cp310-manylinux1_i686.whl", hash = "sha256:66413c50d510e5bcb0afc79880d1693a2185bcea003600ed898ada31338c004e"},
    {file = "pymongo-4.3.3-cp310-cp310-manylinux2014_aarch64.whl", hash = "sha256:9b87b23570565a6ddaa9244d87811c2ee9cffb02a753c8a2da9c077283d85845"},
    {file = "pymongo-4.3.3-cp310-cp310-manylinux2014_i686.whl", hash = "sha256:695939036a320f4329ccf1627edefbbb67cc7892b8222d297b0dd2313742bfee"},
    {file = "pymongo-4.3.3-cp310-cp310-manylinux2014_ppc64le.whl", hash = "sha256:ffcc8394123ea8d43fff8e5d000095fe7741ce3f8988366c5c919c4f5eb179d3"},
    {file = "pymongo-4.3.3-cp310-cp310-manylinux2014_s390x.whl", hash = "sha256:943f208840777f34312c103a2d1caab02d780c4e9be26b3714acf6c4715ba7e1"},
    {file = "pymongo-4.3.3-cp310-cp310-manylinux2014_x86_64.whl", hash = "sha256:01f7cbe88d22440b6594c955e37312d932fd632ffed1a86d0c361503ca82cc9d"},
    {file = "pymongo-4.3.3-cp310-cp310-manylinux_2_17_aarch64.manylinux2014_aarch64.whl", hash = "sha256:cdb87309de97c63cb9a69132e1cb16be470e58cffdfbad68fdd1dc292b22a840"},
    {file = "pymongo-4.3.3-cp310-cp310-manylinux_2_17_ppc64le.manylinux2014_ppc64le.whl", hash = "sha256:d86c35d94b5499689354ccbc48438a79f449481ee6300f3e905748edceed78e7"},
    {file = "pymongo-4.3.3-cp310-cp310-manylinux_2_17_s390x.manylinux2014_s390x.whl", hash = "sha256:a966d5304b7d90c45c404914e06bbf02c5bf7e99685c6c12f0047ef2aa837142"},
    {file = "pymongo-4.3.3-cp310-cp310-manylinux_2_17_x86_64.manylinux2014_x86_64.whl", hash = "sha256:be1d2ce7e269215c3ee9a215e296b7a744aff4f39233486d2c4d77f5f0c561a6"},
    {file = "pymongo-4.3.3-cp310-cp310-manylinux_2_5_i686.manylinux1_i686.manylinux_2_17_i686.manylinux2014_i686.whl", hash = "sha256:55b6163dac53ef1e5d834297810c178050bd0548a4136cd4e0f56402185916ca"},
    {file = "pymongo-4.3.3-cp310-cp310-win32.whl", hash = "sha256:dc0cff74cd36d7e1edba91baa09622c35a8a57025f2f2b7a41e3f83b1db73186"},
    {file = "pymongo-4.3.3-cp310-cp310-win_amd64.whl", hash = "sha256:cafa52873ae12baa512a8721afc20de67a36886baae6a5f394ddef0ce9391f91"},
    {file = "pymongo-4.3.3-cp311-cp311-macosx_10_9_universal2.whl", hash = "sha256:599d3f6fbef31933b96e2d906b0f169b3371ff79ea6aaf6ecd76c947a3508a3d"},
    {file = "pymongo-4.3.3-cp311-cp311-manylinux_2_17_aarch64.manylinux2014_aarch64.whl", hash = "sha256:c0640b4e9d008e13956b004d1971a23377b3d45491f87082161c92efb1e6c0d6"},
    {file = "pymongo-4.3.3-cp311-cp311-manylinux_2_17_ppc64le.manylinux2014_ppc64le.whl", hash = "sha256:341221e2f2866a5960e6f8610f4cbac0bb13097f3b1a289aa55aba984fc0d969"},
    {file = "pymongo-4.3.3-cp311-cp311-manylinux_2_17_s390x.manylinux2014_s390x.whl", hash = "sha256:e7fac06a539daef4fcf5d8288d0d21b412f9b750454cd5a3cf90484665db442a"},
    {file = "pymongo-4.3.3-cp311-cp311-manylinux_2_17_x86_64.manylinux2014_x86_64.whl", hash = "sha256:d3a51901066696c4af38c6c63a1f0aeffd5e282367ff475de8c191ec9609b56d"},
    {file = "pymongo-4.3.3-cp311-cp311-manylinux_2_5_i686.manylinux1_i686.manylinux_2_17_i686.manylinux2014_i686.whl", hash = "sha256:f3055510fdfdb1775bc8baa359783022f70bb553f2d46e153c094dfcb08578ff"},
    {file = "pymongo-4.3.3-cp311-cp311-win32.whl", hash = "sha256:524d78673518dcd352a91541ecd2839c65af92dc883321c2109ef6e5cd22ef23"},
    {file = "pymongo-4.3.3-cp311-cp311-win_amd64.whl", hash = "sha256:b8a03af1ce79b902a43f5f694c4ca8d92c2a4195db0966f08f266549e2fc49bc"},
    {file = "pymongo-4.3.3-cp37-cp37m-macosx_10_6_intel.whl", hash = "sha256:39b03045c71f761aee96a12ebfbc2f4be89e724ff6f5e31c2574c1a0e2add8bd"},
    {file = "pymongo-4.3.3-cp37-cp37m-manylinux1_i686.whl", hash = "sha256:6fcfbf435eebf8a1765c6d1f46821740ebe9f54f815a05c8fc30d789ef43cb12"},
    {file = "pymongo-4.3.3-cp37-cp37m-manylinux1_x86_64.whl", hash = "sha256:7d43ac9c7eeda5100fb0a7152fab7099c9cf9e5abd3bb36928eb98c7d7a339c6"},
    {file = "pymongo-4.3.3-cp37-cp37m-manylinux2014_aarch64.whl", hash = "sha256:3b93043b14ba7eb08c57afca19751658ece1cfa2f0b7b1fb5c7a41452fbb8482"},
    {file = "pymongo-4.3.3-cp37-cp37m-manylinux2014_i686.whl", hash = "sha256:c09956606c08c4a7c6178a04ba2dd9388fcc5db32002ade9c9bc865ab156ab6d"},
    {file = "pymongo-4.3.3-cp37-cp37m-manylinux2014_ppc64le.whl", hash = "sha256:b0cfe925610f2fd59555bb7fc37bd739e4b197d33f2a8b2fae7b9c0c6640318c"},
    {file = "pymongo-4.3.3-cp37-cp37m-manylinux2014_s390x.whl", hash = "sha256:4d00b91c77ceb064c9b0459f0d6ea5bfdbc53ea9e17cf75731e151ef25a830c7"},
    {file = "pymongo-4.3.3-cp37-cp37m-manylinux2014_x86_64.whl", hash = "sha256:c6258a3663780ae47ba73d43eb63c79c40ffddfb764e09b56df33be2f9479837"},
    {file = "pymongo-4.3.3-cp37-cp37m-manylinux_2_17_aarch64.manylinux2014_aarch64.whl", hash = "sha256:c29e758f0e734e1e90357ae01ec9c6daf19ff60a051192fe110d8fb25c62600e"},
    {file = "pymongo-4.3.3-cp37-cp37m-manylinux_2_17_ppc64le.manylinux2014_ppc64le.whl", hash = "sha256:12f3621a46cdc7a9ba8080422262398a91762a581d27e0647746588d3f995c88"},
    {file = "pymongo-4.3.3-cp37-cp37m-manylinux_2_17_s390x.manylinux2014_s390x.whl", hash = "sha256:47f7aa217b25833cd6f0e72b0d224be55393c2692b4f5e0561cb3beeb10296e9"},
    {file = "pymongo-4.3.3-cp37-cp37m-manylinux_2_17_x86_64.manylinux2014_x86_64.whl", hash = "sha256:2c2fdc855149efe7cdcc2a01ca02bfa24761c640203ea94df467f3baf19078be"},
    {file = "pymongo-4.3.3-cp37-cp37m-manylinux_2_5_i686.manylinux1_i686.manylinux_2_17_i686.manylinux2014_i686.whl", hash = "sha256:5effd87c7d363890259eac16c56a4e8da307286012c076223997f8cc4a8c435b"},
    {file = "pymongo-4.3.3-cp37-cp37m-manylinux_2_5_i686.manylinux1_i686.whl", hash = "sha256:6dd1cf2995fdbd64fc0802313e8323f5fa18994d51af059b5b8862b73b5e53f0"},
    {file = "pymongo-4.3.3-cp37-cp37m-manylinux_2_5_x86_64.manylinux1_x86_64.whl", hash = "sha256:bb869707d8e30645ed6766e44098600ca6cdf7989c22a3ea2b7966bb1d98d4b2"},
    {file = "pymongo-4.3.3-cp37-cp37m-win32.whl", hash = "sha256:49210feb0be8051a64d71691f0acbfbedc33e149f0a5d6e271fddf6a12493fed"},
    {file = "pymongo-4.3.3-cp37-cp37m-win_amd64.whl", hash = "sha256:54c377893f2cbbffe39abcff5ff2e917b082c364521fa079305f6f064e1a24a9"},
    {file = "pymongo-4.3.3-cp38-cp38-macosx_10_9_x86_64.whl", hash = "sha256:c184ec5be465c0319440734491e1aa4709b5f3ba75fdfc9dbbc2ae715a7f6829"},
    {file = "pymongo-4.3.3-cp38-cp38-manylinux1_i686.whl", hash = "sha256:dca34367a4e77fcab0693e603a959878eaf2351585e7d752cac544bc6b2dee46"},
    {file = "pymongo-4.3.3-cp38-cp38-manylinux1_x86_64.whl", hash = "sha256:cd6a4afb20fb3c26a7bfd4611a0bbb24d93cbd746f5eb881f114b5e38fd55501"},
    {file = "pymongo-4.3.3-cp38-cp38-manylinux2014_aarch64.whl", hash = "sha256:0c466710871d0026c190fc4141e810cf9d9affbf4935e1d273fbdc7d7cda6143"},
    {file = "pymongo-4.3.3-cp38-cp38-manylinux2014_i686.whl", hash = "sha256:d07d06dba5b5f7d80f9cc45501456e440f759fe79f9895922ed486237ac378a8"},
    {file = "pymongo-4.3.3-cp38-cp38-manylinux2014_ppc64le.whl", hash = "sha256:711bc52cb98e7892c03e9b669bebd89c0a890a90dbc6d5bb2c47f30239bac6e9"},
    {file = "pymongo-4.3.3-cp38-cp38-manylinux2014_s390x.whl", hash = "sha256:34b040e095e1671df0c095ec0b04fc4ebb19c4c160f87c2b55c079b16b1a6b00"},
    {file = "pymongo-4.3.3-cp38-cp38-manylinux2014_x86_64.whl", hash = "sha256:4ed00f96e147f40b565fe7530d1da0b0f3ab803d5dd5b683834500fa5d195ec4"},
    {file = "pymongo-4.3.3-cp38-cp38-manylinux_2_17_aarch64.manylinux2014_aarch64.whl", hash = "sha256:ef888f48eb9203ee1e04b9fb27429017b290fb916f1e7826c2f7808c88798394"},
    {file = "pymongo-4.3.3-cp38-cp38-manylinux_2_17_ppc64le.manylinux2014_ppc64le.whl", hash = "sha256:316498b642c00401370b2156b5233b256f9b33799e0a8d9d0b8a7da217a20fca"},
    {file = "pymongo-4.3.3-cp38-cp38-manylinux_2_17_s390x.manylinux2014_s390x.whl", hash = "sha256:fa7e202feb683dad74f00dea066690448d0cfa310f8a277db06ec8eb466601b5"},
    {file = "pymongo-4.3.3-cp38-cp38-manylinux_2_17_x86_64.manylinux2014_x86_64.whl", hash = "sha256:52896e22115c97f1c829db32aa2760b0d61839cfe08b168c2b1d82f31dbc5f55"},
    {file = "pymongo-4.3.3-cp38-cp38-manylinux_2_5_i686.manylinux1_i686.manylinux_2_17_i686.manylinux2014_i686.whl", hash = "sha256:7c051fe37c96b9878f37fa58906cb53ecd13dcb7341d3a85f1e2e2f6b10782d9"},
    {file = "pymongo-4.3.3-cp38-cp38-manylinux_2_5_i686.manylinux1_i686.whl", hash = "sha256:5134d33286c045393c7beb51be29754647cec5ebc051cf82799c5ce9820a2ca2"},
    {file = "pymongo-4.3.3-cp38-cp38-manylinux_2_5_x86_64.manylinux1_x86_64.whl", hash = "sha256:a9c2885b4a8e6e39db5662d8b02ca6dcec796a45e48c2de12552841f061692ba"},
    {file = "pymongo-4.3.3-cp38-cp38-win32.whl", hash = "sha256:a6cd6f1db75eb07332bd3710f58f5fce4967eadbf751bad653842750a61bda62"},
    {file = "pymongo-4.3.3-cp38-cp38-win_amd64.whl", hash = "sha256:d5571b6978750601f783cea07fb6b666837010ca57e5cefa389c1d456f6222e2"},
    {file = "pymongo-4.3.3-cp39-cp39-macosx_10_9_universal2.whl", hash = "sha256:81d1a7303bd02ca1c5be4aacd4db73593f573ba8e0c543c04c6da6275fd7a47e"},
    {file = "pymongo-4.3.3-cp39-cp39-manylinux1_i686.whl", hash = "sha256:016c412118e1c23fef3a1eada4f83ae6e8844fd91986b2e066fc1b0013cdd9ae"},
    {file = "pymongo-4.3.3-cp39-cp39-manylinux1_x86_64.whl", hash = "sha256:8fd6e191b92a10310f5a6cfe10d6f839d79d192fb02480bda325286bd1c7b385"},
    {file = "pymongo-4.3.3-cp39-cp39-manylinux2014_aarch64.whl", hash = "sha256:e2961b05f9c04a53da8bfc72f1910b6aec7205fcf3ac9c036d24619979bbee4b"},
    {file = "pymongo-4.3.3-cp39-cp39-manylinux2014_i686.whl", hash = "sha256:b38a96b3eed8edc515b38257f03216f382c4389d022a8834667e2bc63c0c0c31"},
    {file = "pymongo-4.3.3-cp39-cp39-manylinux2014_ppc64le.whl", hash = "sha256:c1a70c51da9fa95bd75c167edb2eb3f3c4d27bc4ddd29e588f21649d014ec0b7"},
    {file = "pymongo-4.3.3-cp39-cp39-manylinux2014_s390x.whl", hash = "sha256:8a06a0c02f5606330e8f2e2f3b7949877ca7e4024fa2bff5a4506bec66c49ec7"},
    {file = "pymongo-4.3.3-cp39-cp39-manylinux2014_x86_64.whl", hash = "sha256:6c2216d8b6a6d019c6f4b1ad55f890e5e77eb089309ffc05b6911c09349e7474"},
    {file = "pymongo-4.3.3-cp39-cp39-manylinux_2_17_aarch64.manylinux2014_aarch64.whl", hash = "sha256:eac0a143ef4f28f49670bf89cb15847eb80b375d55eba401ca2f777cd425f338"},
    {file = "pymongo-4.3.3-cp39-cp39-manylinux_2_17_ppc64le.manylinux2014_ppc64le.whl", hash = "sha256:08fc250b5552ee97ceeae0f52d8b04f360291285fc7437f13daa516ce38fdbc6"},
    {file = "pymongo-4.3.3-cp39-cp39-manylinux_2_17_s390x.manylinux2014_s390x.whl", hash = "sha256:704d939656e21b073bfcddd7228b29e0e8a93dd27b54240eaafc0b9a631629a6"},
    {file = "pymongo-4.3.3-cp39-cp39-manylinux_2_17_x86_64.manylinux2014_x86_64.whl", hash = "sha256:1074f1a6f23e28b983c96142f2d45be03ec55d93035b471c26889a7ad2365db3"},
    {file = "pymongo-4.3.3-cp39-cp39-manylinux_2_5_i686.manylinux1_i686.manylinux_2_17_i686.manylinux2014_i686.whl", hash = "sha256:7b16250238de8dafca225647608dddc7bbb5dce3dd53b4d8e63c1cc287394c2f"},
    {file = "pymongo-4.3.3-cp39-cp39-manylinux_2_5_i686.manylinux1_i686.whl", hash = "sha256:7761cacb8745093062695b11574effea69db636c2fd0a9269a1f0183712927b4"},
    {file = "pymongo-4.3.3-cp39-cp39-manylinux_2_5_x86_64.manylinux1_x86_64.whl", hash = "sha256:fd7bb378d82b88387dc10227cfd964f6273eb083e05299e9b97cbe075da12d11"},
    {file = "pymongo-4.3.3-cp39-cp39-win32.whl", hash = "sha256:dc24d245026a72d9b4953729d31813edd4bd4e5c13622d96e27c284942d33f24"},
    {file = "pymongo-4.3.3-cp39-cp39-win_amd64.whl", hash = "sha256:fc28e8d85d392a06434e9a934908d97e2cf453d69488d2bcd0bfb881497fd975"},
    {file = "pymongo-4.3.3.tar.gz", hash = "sha256:34e95ffb0a68bffbc3b437f2d1f25fc916fef3df5cdeed0992da5f42fae9b807"},
]

[package.dependencies]
dnspython = ">=1.16.0,<3.0.0"

[package.extras]
aws = ["pymongo-auth-aws (<2.0.0)"]
encryption = ["pymongo-auth-aws (<2.0.0)", "pymongocrypt (>=1.3.0,<2.0.0)"]
gssapi = ["pykerberos"]
ocsp = ["certifi", "pyopenssl (>=17.2.0)", "requests (<3.0.0)", "service-identity (>=18.1.0)"]
snappy = ["python-snappy"]
zstd = ["zstandard"]

[[package]]
name = "pytest"
version = "7.3.0"
description = "pytest: simple powerful testing with Python"
optional = false
python-versions = ">=3.7"
files = [
    {file = "pytest-7.3.0-py3-none-any.whl", hash = "sha256:933051fa1bfbd38a21e73c3960cebdad4cf59483ddba7696c48509727e17f201"},
    {file = "pytest-7.3.0.tar.gz", hash = "sha256:58ecc27ebf0ea643ebfdf7fb1249335da761a00c9f955bcd922349bcb68ee57d"},
]

[package.dependencies]
colorama = {version = "*", markers = "sys_platform == \"win32\""}
exceptiongroup = {version = ">=1.0.0rc8", markers = "python_version < \"3.11\""}
importlib-metadata = {version = ">=0.12", markers = "python_version < \"3.8\""}
iniconfig = "*"
packaging = "*"
pluggy = ">=0.12,<2.0"
tomli = {version = ">=1.0.0", markers = "python_version < \"3.11\""}

[package.extras]
testing = ["argcomplete", "attrs (>=19.2.0)", "hypothesis (>=3.56)", "mock", "nose", "pygments (>=2.7.2)", "requests", "xmlschema"]

[[package]]
name = "pytest-asyncio"
version = "0.21.0"
description = "Pytest support for asyncio"
optional = false
python-versions = ">=3.7"
files = [
    {file = "pytest-asyncio-0.21.0.tar.gz", hash = "sha256:2b38a496aef56f56b0e87557ec313e11e1ab9276fc3863f6a7be0f1d0e415e1b"},
    {file = "pytest_asyncio-0.21.0-py3-none-any.whl", hash = "sha256:f2b3366b7cd501a4056858bd39349d5af19742aed2d81660b7998b6341c7eb9c"},
]

[package.dependencies]
pytest = ">=7.0.0"
typing-extensions = {version = ">=3.7.2", markers = "python_version < \"3.8\""}

[package.extras]
docs = ["sphinx (>=5.3)", "sphinx-rtd-theme (>=1.0)"]
testing = ["coverage (>=6.2)", "flaky (>=3.5.0)", "hypothesis (>=5.7.1)", "mypy (>=0.931)", "pytest-trio (>=0.7.0)"]

[[package]]
name = "pytest-cov"
version = "4.0.0"
description = "Pytest plugin for measuring coverage."
optional = false
python-versions = ">=3.6"
files = [
    {file = "pytest-cov-4.0.0.tar.gz", hash = "sha256:996b79efde6433cdbd0088872dbc5fb3ed7fe1578b68cdbba634f14bb8dd0470"},
    {file = "pytest_cov-4.0.0-py3-none-any.whl", hash = "sha256:2feb1b751d66a8bd934e5edfa2e961d11309dc37b73b0eabe73b5945fee20f6b"},
]

[package.dependencies]
coverage = {version = ">=5.2.1", extras = ["toml"]}
pytest = ">=4.6"

[package.extras]
testing = ["fields", "hunter", "process-tests", "pytest-xdist", "six", "virtualenv"]

[[package]]
name = "ruff"
version = "0.1.6"
description = "An extremely fast Python linter and code formatter, written in Rust."
optional = false
python-versions = ">=3.7"
files = [
    {file = "ruff-0.1.6-py3-none-macosx_10_12_x86_64.macosx_11_0_arm64.macosx_10_12_universal2.whl", hash = "sha256:88b8cdf6abf98130991cbc9f6438f35f6e8d41a02622cc5ee130a02a0ed28703"},
    {file = "ruff-0.1.6-py3-none-macosx_10_12_x86_64.whl", hash = "sha256:5c549ed437680b6105a1299d2cd30e4964211606eeb48a0ff7a93ef70b902248"},
    {file = "ruff-0.1.6-py3-none-manylinux_2_17_aarch64.manylinux2014_aarch64.whl", hash = "sha256:1cf5f701062e294f2167e66d11b092bba7af6a057668ed618a9253e1e90cfd76"},
    {file = "ruff-0.1.6-py3-none-manylinux_2_17_armv7l.manylinux2014_armv7l.whl", hash = "sha256:05991ee20d4ac4bb78385360c684e4b417edd971030ab12a4fbd075ff535050e"},
    {file = "ruff-0.1.6-py3-none-manylinux_2_17_i686.manylinux2014_i686.whl", hash = "sha256:87455a0c1f739b3c069e2f4c43b66479a54dea0276dd5d4d67b091265f6fd1dc"},
    {file = "ruff-0.1.6-py3-none-manylinux_2_17_ppc64.manylinux2014_ppc64.whl", hash = "sha256:683aa5bdda5a48cb8266fcde8eea2a6af4e5700a392c56ea5fb5f0d4bfdc0240"},
    {file = "ruff-0.1.6-py3-none-manylinux_2_17_ppc64le.manylinux2014_ppc64le.whl", hash = "sha256:137852105586dcbf80c1717facb6781555c4e99f520c9c827bd414fac67ddfb6"},
    {file = "ruff-0.1.6-py3-none-manylinux_2_17_s390x.manylinux2014_s390x.whl", hash = "sha256:bd98138a98d48a1c36c394fd6b84cd943ac92a08278aa8ac8c0fdefcf7138f35"},
    {file = "ruff-0.1.6-py3-none-manylinux_2_17_x86_64.manylinux2014_x86_64.whl", hash = "sha256:3a0cd909d25f227ac5c36d4e7e681577275fb74ba3b11d288aff7ec47e3ae745"},
    {file = "ruff-0.1.6-py3-none-musllinux_1_2_aarch64.whl", hash = "sha256:e8fd1c62a47aa88a02707b5dd20c5ff20d035d634aa74826b42a1da77861b5ff"},
    {file = "ruff-0.1.6-py3-none-musllinux_1_2_armv7l.whl", hash = "sha256:fd89b45d374935829134a082617954120d7a1470a9f0ec0e7f3ead983edc48cc"},
    {file = "ruff-0.1.6-py3-none-musllinux_1_2_i686.whl", hash = "sha256:491262006e92f825b145cd1e52948073c56560243b55fb3b4ecb142f6f0e9543"},
    {file = "ruff-0.1.6-py3-none-musllinux_1_2_x86_64.whl", hash = "sha256:ea284789861b8b5ca9d5443591a92a397ac183d4351882ab52f6296b4fdd5462"},
    {file = "ruff-0.1.6-py3-none-win32.whl", hash = "sha256:1610e14750826dfc207ccbcdd7331b6bd285607d4181df9c1c6ae26646d6848a"},
    {file = "ruff-0.1.6-py3-none-win_amd64.whl", hash = "sha256:4558b3e178145491e9bc3b2ee3c4b42f19d19384eaa5c59d10acf6e8f8b57e33"},
    {file = "ruff-0.1.6-py3-none-win_arm64.whl", hash = "sha256:03910e81df0d8db0e30050725a5802441c2022ea3ae4fe0609b76081731accbc"},
    {file = "ruff-0.1.6.tar.gz", hash = "sha256:1b09f29b16c6ead5ea6b097ef2764b42372aebe363722f1605ecbcd2b9207184"},
]

[[package]]
name = "sentinels"
version = "1.0.0"
description = "Various objects to denote special meanings in python"
optional = false
python-versions = "*"
files = [
    {file = "sentinels-1.0.0.tar.gz", hash = "sha256:7be0704d7fe1925e397e92d18669ace2f619c92b5d4eb21a89f31e026f9ff4b1"},
]

[[package]]
name = "singledispatch"
version = "4.0.0"
description = "Backport functools.singledispatch to older Pythons."
optional = false
python-versions = ">=3.7"
files = [
    {file = "singledispatch-4.0.0-py2.py3-none-any.whl", hash = "sha256:b8f69397a454b45b91e2f949fcc87896c53718ca59aab6367966e8b3f010ec77"},
    {file = "singledispatch-4.0.0.tar.gz", hash = "sha256:f3c327a968651a7f4b03586eab7d90a07b05ff3ef7942d1967036eb9f75ab8fc"},
]

[package.extras]
docs = ["furo", "jaraco.packaging (>=9)", "jaraco.tidelift (>=1.4)", "rst.linker (>=1.9)", "sphinx (>=3.5)", "sphinx-lint"]
testing = ["flake8 (<5)", "pytest (>=6)", "pytest-black (>=0.3.7)", "pytest-checkdocs (>=2.4)", "pytest-cov", "pytest-enabler (>=1.3)", "pytest-flake8", "pytest-mypy (>=0.9.1)"]

[[package]]
name = "six"
version = "1.16.0"
description = "Python 2 and 3 compatibility utilities"
optional = false
python-versions = ">=2.7, !=3.0.*, !=3.1.*, !=3.2.*"
files = [
    {file = "six-1.16.0-py2.py3-none-any.whl", hash = "sha256:8abb2f1d86890a2dfb989f9a77cfcfd3e47c2a354b01111771326f8aa26e0254"},
    {file = "six-1.16.0.tar.gz", hash = "sha256:1e61c37477a1626458e36f7b1d82aa5c9b094fa4802892072e49de9c60c4c926"},
]

[[package]]
name = "tomli"
version = "2.0.1"
description = "A lil' TOML parser"
optional = false
python-versions = ">=3.7"
files = [
    {file = "tomli-2.0.1-py3-none-any.whl", hash = "sha256:939de3e7a6161af0c887ef91b7d41a53e7c5a1ca976325f429cb46ea9bc30ecc"},
    {file = "tomli-2.0.1.tar.gz", hash = "sha256:de526c12914f0c550d15924c62d72abc48d6fe7364aa87328337a31007fe8a4f"},
]

[[package]]
name = "typing-extensions"
version = "4.5.0"
description = "Backported and Experimental Type Hints for Python 3.7+"
optional = false
python-versions = ">=3.7"
files = [
    {file = "typing_extensions-4.5.0-py3-none-any.whl", hash = "sha256:fb33085c39dd998ac16d1431ebc293a8b3eedd00fd4a32de0ff79002c19511b4"},
    {file = "typing_extensions-4.5.0.tar.gz", hash = "sha256:5cb5f4a79139d699607b3ef622a1dedafa84e115ab0024e0d9c044a9479ca7cb"},
]

[[package]]
name = "zipp"
version = "3.15.0"
description = "Backport of pathlib-compatible object wrapper for zip files"
optional = false
python-versions = ">=3.7"
files = [
    {file = "zipp-3.15.0-py3-none-any.whl", hash = "sha256:48904fc76a60e542af151aded95726c1a5c34ed43ab4134b597665c86d7ad556"},
    {file = "zipp-3.15.0.tar.gz", hash = "sha256:112929ad649da941c23de50f356a2b5570c954b65150642bccdd66bf194d224b"},
]

[package.extras]
docs = ["furo", "jaraco.packaging (>=9)", "jaraco.tidelift (>=1.4)", "rst.linker (>=1.9)", "sphinx (>=3.5)", "sphinx-lint"]
testing = ["big-O", "flake8 (<5)", "jaraco.functools", "jaraco.itertools", "more-itertools", "pytest (>=6)", "pytest-black (>=0.3.7)", "pytest-checkdocs (>=2.4)", "pytest-cov", "pytest-enabler (>=1.3)", "pytest-flake8", "pytest-mypy (>=0.9.1)"]

[metadata]
lock-version = "2.0"
python-versions = ">=3.7,<4"
content-hash = "3590e3b2214b5e391d5f8e104f9d4f010380acd5ceaa21e2772ba36edb2bffac"
